
Microsoft Visual Studio Solution File, Format Version 12.00
# Visual Studio Version 16
VisualStudioVersion = 16.0.31515.178
MinimumVisualStudioVersion = 10.0.40219.1
Project("{9A19103F-16F7-4668-BE54-9A1E7A4F7556}") = "DAL", "DAL\DAL.csproj", "{F7F5EEE8-3BFB-404A-9228-2D0D45DFF4AB}"
EndProject
Project("{9A19103F-16F7-4668-BE54-9A1E7A4F7556}") = "ML", "ML\ML.csproj", "{CF504FC3-D164-4027-838D-D4E28FD2201F}"
EndProject
Project("{9A19103F-16F7-4668-BE54-9A1E7A4F7556}") = "ConsoleDemoDB", "ConsoleDemoDB\ConsoleDemoDB.csproj", "{D0CFFDCF-D58C-4588-B000-2FCC20701799}"
EndProject
Project("{9A19103F-16F7-4668-BE54-9A1E7A4F7556}") = "BL", "BL\BL.csproj", "{DBA3D331-8F12-40F6-98B3-EBF51EAF23F2}"
EndProject
Project("{9A19103F-16F7-4668-BE54-9A1E7A4F7556}") = "WinFormsNetcore", "WinFormsNetcore\WinFormsNetcore.csproj", "{9520AFBB-2C8D-4EA5-9B8D-C9FA01D48481}"
EndProject
Project("{9A19103F-16F7-4668-BE54-9A1E7A4F7556}") = "WebApplicationCore", "WebApplicationCore\WebApplicationCore.csproj", "{CD36D499-119C-4CA0-9E56-0043D7A6A2CF}"
EndProject
Global
	GlobalSection(SolutionConfigurationPlatforms) = preSolution
		Debug|Any CPU = Debug|Any CPU
		Release|Any CPU = Release|Any CPU
	EndGlobalSection
	GlobalSection(ProjectConfigurationPlatforms) = postSolution
		{F7F5EEE8-3BFB-404A-9228-2D0D45DFF4AB}.Debug|Any CPU.ActiveCfg = Debug|Any CPU
		{F7F5EEE8-3BFB-404A-9228-2D0D45DFF4AB}.Debug|Any CPU.Build.0 = Debug|Any CPU
		{F7F5EEE8-3BFB-404A-9228-2D0D45DFF4AB}.Release|Any CPU.ActiveCfg = Release|Any CPU
		{F7F5EEE8-3BFB-404A-9228-2D0D45DFF4AB}.Release|Any CPU.Build.0 = Release|Any CPU
		{CF504FC3-D164-4027-838D-D4E28FD2201F}.Debug|Any CPU.ActiveCfg = Debug|Any CPU
		{CF504FC3-D164-4027-838D-D4E28FD2201F}.Debug|Any CPU.Build.0 = Debug|Any CPU
		{CF504FC3-D164-4027-838D-D4E28FD2201F}.Release|Any CPU.ActiveCfg = Release|Any CPU
		{CF504FC3-D164-4027-838D-D4E28FD2201F}.Release|Any CPU.Build.0 = Release|Any CPU
		{D0CFFDCF-D58C-4588-B000-2FCC20701799}.Debug|Any CPU.ActiveCfg = Debug|Any CPU
		{D0CFFDCF-D58C-4588-B000-2FCC20701799}.Debug|Any CPU.Build.0 = Debug|Any CPU
		{D0CFFDCF-D58C-4588-B000-2FCC20701799}.Release|Any CPU.ActiveCfg = Release|Any CPU
		{D0CFFDCF-D58C-4588-B000-2FCC20701799}.Release|Any CPU.Build.0 = Release|Any CPU
		{DBA3D331-8F12-40F6-98B3-EBF51EAF23F2}.Debug|Any CPU.ActiveCfg = Debug|Any CPU
		{DBA3D331-8F12-40F6-98B3-EBF51EAF23F2}.Debug|Any CPU.Build.0 = Debug|Any CPU
		{DBA3D331-8F12-40F6-98B3-EBF51EAF23F2}.Release|Any CPU.ActiveCfg = Release|Any CPU
		{DBA3D331-8F12-40F6-98B3-EBF51EAF23F2}.Release|Any CPU.Build.0 = Release|Any CPU
		{9520AFBB-2C8D-4EA5-9B8D-C9FA01D48481}.Debug|Any CPU.ActiveCfg = Debug|Any CPU
		{9520AFBB-2C8D-4EA5-9B8D-C9FA01D48481}.Debug|Any CPU.Build.0 = Debug|Any CPU
		{9520AFBB-2C8D-4EA5-9B8D-C9FA01D48481}.Release|Any CPU.ActiveCfg = Release|Any CPU
		{9520AFBB-2C8D-4EA5-9B8D-C9FA01D48481}.Release|Any CPU.Build.0 = Release|Any CPU
		{CD36D499-119C-4CA0-9E56-0043D7A6A2CF}.Debug|Any CPU.ActiveCfg = Debug|Any CPU
		{CD36D499-119C-4CA0-9E56-0043D7A6A2CF}.Debug|Any CPU.Build.0 = Debug|Any CPU
		{CD36D499-119C-4CA0-9E56-0043D7A6A2CF}.Release|Any CPU.ActiveCfg = Release|Any CPU
		{CD36D499-119C-4CA0-9E56-0043D7A6A2CF}.Release|Any CPU.Build.0 = Release|Any CPU
	EndGlobalSection
	GlobalSection(SolutionProperties) = preSolution
		HideSolutionNode = FALSE
	EndGlobalSection
	GlobalSection(ExtensibilityGlobals) = postSolution
		SolutionGuid = {B3FC0928-0FD1-4925-9B64-6FD28BE4A321}
	EndGlobalSection
EndGlobal
